// !$*UTF8*$!
{
	archiveVersion = 1;
	classes = {
	};
	objectVersion = 46;
	objects = {

/* Begin PBXBuildFile section */
		830C17BC19714D8E0085ED23 /* PatternView.m in Sources */ = {isa = PBXBuildFile; fileRef = 830C17BB19714D8E0085ED23 /* PatternView.m */; };
		831414BF1972E5A1009D8FCC /* TableCell.m in Sources */ = {isa = PBXBuildFile; fileRef = 831414BE1972E5A1009D8FCC /* TableCell.m */; };
		83198FC81955EA4400F3665E /* PaintPotView.m in Sources */ = {isa = PBXBuildFile; fileRef = 83198FC71955EA4400F3665E /* PaintPotView.m */; };
		83199A931943487D00C70AAF /* LayerView.m in Sources */ = {isa = PBXBuildFile; fileRef = 83199A921943487D00C70AAF /* LayerView.m */; };
		8321C70818DDDD7300970E8F /* Quiz-Easy-Button.png in Resources */ = {isa = PBXBuildFile; fileRef = 8321C70618DDDD7300970E8F /* Quiz-Easy-Button.png */; };
		8321C70918DDDD7300970E8F /* Quiz-Hard-Button.png in Resources */ = {isa = PBXBuildFile; fileRef = 8321C70718DDDD7300970E8F /* Quiz-Hard-Button.png */; };
		8321C70B18DDDD7A00970E8F /* Quiz-View-Button.png in Resources */ = {isa = PBXBuildFile; fileRef = 8321C70A18DDDD7A00970E8F /* Quiz-View-Button.png */; };
		8321C70E18DDDEE400970E8F /* Puzzles-Easy-Explain.png in Resources */ = {isa = PBXBuildFile; fileRef = 8321C70C18DDDEE400970E8F /* Puzzles-Easy-Explain.png */; };
		8321C70F18DDDEE400970E8F /* Puzzles-Hard-Explain.png in Resources */ = {isa = PBXBuildFile; fileRef = 8321C70D18DDDEE400970E8F /* Puzzles-Hard-Explain.png */; };
		8321C71218DDDEF100970E8F /* Play-Colours-Puzzle-Button.png in Resources */ = {isa = PBXBuildFile; fileRef = 8321C71018DDDEF100970E8F /* Play-Colours-Puzzle-Button.png */; };
		8321C71318DDDEF100970E8F /* Play-Colours+Shapes-Puzzle-Button.png in Resources */ = {isa = PBXBuildFile; fileRef = 8321C71118DDDEF100970E8F /* Play-Colours+Shapes-Puzzle-Button.png */; };
		832D81721956CD30000600DA /* Quiz.m in Sources */ = {isa = PBXBuildFile; fileRef = 832D81711956CD30000600DA /* Quiz.m */; };
		832D81751956D6E6000600DA /* ResultsController.m in Sources */ = {isa = PBXBuildFile; fileRef = 832D81741956D6E6000600DA /* ResultsController.m */; };
		83523D1A1968C1E500D8B9E9 /* BaseViewController.m in Sources */ = {isa = PBXBuildFile; fileRef = 83523D191968C1E500D8B9E9 /* BaseViewController.m */; };
		8378484118DDAF8E00C5AC61 /* Foundation.framework in Frameworks */ = {isa = PBXBuildFile; fileRef = 8378484018DDAF8E00C5AC61 /* Foundation.framework */; };
		8378484318DDAF8E00C5AC61 /* CoreGraphics.framework in Frameworks */ = {isa = PBXBuildFile; fileRef = 8378484218DDAF8E00C5AC61 /* CoreGraphics.framework */; };
		8378484518DDAF8E00C5AC61 /* UIKit.framework in Frameworks */ = {isa = PBXBuildFile; fileRef = 8378484418DDAF8E00C5AC61 /* UIKit.framework */; };
		8378484B18DDAF8E00C5AC61 /* InfoPlist.strings in Resources */ = {isa = PBXBuildFile; fileRef = 8378484918DDAF8E00C5AC61 /* InfoPlist.strings */; };
		8378484D18DDAF8E00C5AC61 /* main.m in Sources */ = {isa = PBXBuildFile; fileRef = 8378484C18DDAF8E00C5AC61 /* main.m */; };
		8378485118DDAF8E00C5AC61 /* AppDelegate.m in Sources */ = {isa = PBXBuildFile; fileRef = 8378485018DDAF8E00C5AC61 /* AppDelegate.m */; };
		8378485418DDAF8E00C5AC61 /* Main.storyboard in Resources */ = {isa = PBXBuildFile; fileRef = 8378485218DDAF8E00C5AC61 /* Main.storyboard */; };
		8378485718DDAF8E00C5AC61 /* MenuController.m in Sources */ = {isa = PBXBuildFile; fileRef = 8378485618DDAF8E00C5AC61 /* MenuController.m */; };
		8378485918DDAF8E00C5AC61 /* Images.xcassets in Resources */ = {isa = PBXBuildFile; fileRef = 8378485818DDAF8E00C5AC61 /* Images.xcassets */; };
		8378487B18DDB69B00C5AC61 /* Quiz-Menu-Button.png in Resources */ = {isa = PBXBuildFile; fileRef = 8378487A18DDB69B00C5AC61 /* Quiz-Menu-Button.png */; };
		8378487D18DDB8DC00C5AC61 /* Puzzles-Menu-Button.png in Resources */ = {isa = PBXBuildFile; fileRef = 8378487C18DDB8DC00C5AC61 /* Puzzles-Menu-Button.png */; };
		8378488618DDBCD500C5AC61 /* BPreplay-Bold.ttf in Resources */ = {isa = PBXBuildFile; fileRef = 8378488118DDBCD500C5AC61 /* BPreplay-Bold.ttf */; };
		8378488718DDBCD500C5AC61 /* BPreplay-BoldItalic.ttf in Resources */ = {isa = PBXBuildFile; fileRef = 8378488218DDBCD500C5AC61 /* BPreplay-BoldItalic.ttf */; };
		8378488818DDBCD500C5AC61 /* BPreplay-Italic.ttf in Resources */ = {isa = PBXBuildFile; fileRef = 8378488318DDBCD500C5AC61 /* BPreplay-Italic.ttf */; };
		8378488918DDBCD500C5AC61 /* BPreplay.ttf in Resources */ = {isa = PBXBuildFile; fileRef = 8378488418DDBCD500C5AC61 /* BPreplay.ttf */; };
		8378488C18DDCEB600C5AC61 /* Puzzles-Easy-Button.png in Resources */ = {isa = PBXBuildFile; fileRef = 8378488B18DDCEB600C5AC61 /* Puzzles-Easy-Button.png */; };
		8378488E18DDCF5900C5AC61 /* Puzzles-Hard-Button.png in Resources */ = {isa = PBXBuildFile; fileRef = 8378488D18DDCF5900C5AC61 /* Puzzles-Hard-Button.png */; };
		837ADE7B18E2E32B00455FF7 /* TableController.m in Sources */ = {isa = PBXBuildFile; fileRef = 837ADE7A18E2E32B00455FF7 /* TableController.m */; };
		83D09E081971212D0088965E /* Done-Button-Hard-Disabled.png in Resources */ = {isa = PBXBuildFile; fileRef = 83D09E061971212D0088965E /* Done-Button-Hard-Disabled.png */; };
		83D09E091971212D0088965E /* Done-Button-Hard-Enabled.png in Resources */ = {isa = PBXBuildFile; fileRef = 83D09E071971212D0088965E /* Done-Button-Hard-Enabled.png */; };
		83D4A01819680E8F00C0D694 /* Done-Button-Easy-Disabled.png in Resources */ = {isa = PBXBuildFile; fileRef = 83D4A01619680E8F00C0D694 /* Done-Button-Easy-Disabled.png */; };
		83D4A01919680E8F00C0D694 /* Done-Button-Easy-Enabled.png in Resources */ = {isa = PBXBuildFile; fileRef = 83D4A01719680E8F00C0D694 /* Done-Button-Easy-Enabled.png */; };
		83D4A01E1968163600C0D694 /* Easy-results-rosette.png in Resources */ = {isa = PBXBuildFile; fileRef = 83D4A01C1968163600C0D694 /* Easy-results-rosette.png */; };
		83D4A01F1968163600C0D694 /* Hard-results-rosette.png in Resources */ = {isa = PBXBuildFile; fileRef = 83D4A01D1968163600C0D694 /* Hard-results-rosette.png */; };
		83D4A0241968187B00C0D694 /* Easy-Play-Again.png in Resources */ = {isa = PBXBuildFile; fileRef = 83D4A0201968187B00C0D694 /* Easy-Play-Again.png */; };
		83D4A0251968187B00C0D694 /* Easy-Switch-to-Hard.png in Resources */ = {isa = PBXBuildFile; fileRef = 83D4A0211968187B00C0D694 /* Easy-Switch-to-Hard.png */; };
		83D4A0261968187B00C0D694 /* Hard-Play-Again.png in Resources */ = {isa = PBXBuildFile; fileRef = 83D4A0221968187B00C0D694 /* Hard-Play-Again.png */; };
		83D4A0271968187B00C0D694 /* Hard-Switch-to-Easy.png in Resources */ = {isa = PBXBuildFile; fileRef = 83D4A0231968187B00C0D694 /* Hard-Switch-to-Easy.png */; };
		83D4A02A196819EE00C0D694 /* Puzzles-Bar-Icon.png in Resources */ = {isa = PBXBuildFile; fileRef = 83D4A028196819EE00C0D694 /* Puzzles-Bar-Icon.png */; };
		83D4A02B196819EE00C0D694 /* Quiz-Bar-Icon.png in Resources */ = {isa = PBXBuildFile; fileRef = 83D4A029196819EE00C0D694 /* Quiz-Bar-Icon.png */; };
		83D4A02C1968304500C0D694 /* Pacifico.ttf in Resources */ = {isa = PBXBuildFile; fileRef = 83D4A01B1968143C00C0D694 /* Pacifico.ttf */; };
		83D4A02E196838A100C0D694 /* Menu-Button.png in Resources */ = {isa = PBXBuildFile; fileRef = 83D4A02D196838A100C0D694 /* Menu-Button.png */; };
		83D4A03219683D0000C0D694 /* DifficultyScaler.m in Sources */ = {isa = PBXBuildFile; fileRef = 83D4A03119683D0000C0D694 /* DifficultyScaler.m */; };
		83D971381960379600350AF0 /* Puzzles in Resources */ = {isa = PBXBuildFile; fileRef = 83D971371960379600350AF0 /* Puzzles */; };
		83D9713B1960598200350AF0 /* Flag.m in Sources */ = {isa = PBXBuildFile; fileRef = 83D9713A1960598200350AF0 /* Flag.m */; };
		F94D93481930A4FC008CDB1A /* PuzzleController.m in Sources */ = {isa = PBXBuildFile; fileRef = F94D93471930A4FC008CDB1A /* PuzzleController.m */; };
		F94D934B1930AEC2008CDB1A /* LayeredView.m in Sources */ = {isa = PBXBuildFile; fileRef = F94D934A1930AEC2008CDB1A /* LayeredView.m */; };
		F94D93641930EA33008CDB1A /* Utils.m in Sources */ = {isa = PBXBuildFile; fileRef = F94D93631930EA33008CDB1A /* Utils.m */; };
/* End PBXBuildFile section */

/* Begin PBXFileReference section */
		830C17BA19714D8E0085ED23 /* PatternView.h */ = {isa = PBXFileReference; fileEncoding = 4; lastKnownFileType = sourcecode.c.h; path = PatternView.h; sourceTree = "<group>"; };
		830C17BB19714D8E0085ED23 /* PatternView.m */ = {isa = PBXFileReference; fileEncoding = 4; lastKnownFileType = sourcecode.c.objc; path = PatternView.m; sourceTree = "<group>"; };
		831414BD1972E5A1009D8FCC /* TableCell.h */ = {isa = PBXFileReference; fileEncoding = 4; lastKnownFileType = sourcecode.c.h; path = TableCell.h; sourceTree = "<group>"; };
		831414BE1972E5A1009D8FCC /* TableCell.m */ = {isa = PBXFileReference; fileEncoding = 4; lastKnownFileType = sourcecode.c.objc; path = TableCell.m; sourceTree = "<group>"; };
		83198FC61955EA4400F3665E /* PaintPotView.h */ = {isa = PBXFileReference; fileEncoding = 4; lastKnownFileType = sourcecode.c.h; path = PaintPotView.h; sourceTree = "<group>"; };
		83198FC71955EA4400F3665E /* PaintPotView.m */ = {isa = PBXFileReference; fileEncoding = 4; lastKnownFileType = sourcecode.c.objc; path = PaintPotView.m; sourceTree = "<group>"; };
		83199A911943487D00C70AAF /* LayerView.h */ = {isa = PBXFileReference; fileEncoding = 4; lastKnownFileType = sourcecode.c.h; path = LayerView.h; sourceTree = "<group>"; };
		83199A921943487D00C70AAF /* LayerView.m */ = {isa = PBXFileReference; fileEncoding = 4; lastKnownFileType = sourcecode.c.objc; path = LayerView.m; sourceTree = "<group>"; };
		8321C70618DDDD7300970E8F /* Quiz-Easy-Button.png */ = {isa = PBXFileReference; lastKnownFileType = image.png; path = "Quiz-Easy-Button.png"; sourceTree = "<group>"; };
		8321C70718DDDD7300970E8F /* Quiz-Hard-Button.png */ = {isa = PBXFileReference; lastKnownFileType = image.png; path = "Quiz-Hard-Button.png"; sourceTree = "<group>"; };
		8321C70A18DDDD7A00970E8F /* Quiz-View-Button.png */ = {isa = PBXFileReference; lastKnownFileType = image.png; path = "Quiz-View-Button.png"; sourceTree = "<group>"; };
		8321C70C18DDDEE400970E8F /* Puzzles-Easy-Explain.png */ = {isa = PBXFileReference; lastKnownFileType = image.png; path = "Puzzles-Easy-Explain.png"; sourceTree = "<group>"; };
		8321C70D18DDDEE400970E8F /* Puzzles-Hard-Explain.png */ = {isa = PBXFileReference; lastKnownFileType = image.png; path = "Puzzles-Hard-Explain.png"; sourceTree = "<group>"; };
		8321C71018DDDEF100970E8F /* Play-Colours-Puzzle-Button.png */ = {isa = PBXFileReference; lastKnownFileType = image.png; path = "Play-Colours-Puzzle-Button.png"; sourceTree = "<group>"; };
		8321C71118DDDEF100970E8F /* Play-Colours+Shapes-Puzzle-Button.png */ = {isa = PBXFileReference; lastKnownFileType = image.png; path = "Play-Colours+Shapes-Puzzle-Button.png"; sourceTree = "<group>"; };
		832D81701956CD30000600DA /* Quiz.h */ = {isa = PBXFileReference; fileEncoding = 4; lastKnownFileType = sourcecode.c.h; path = Quiz.h; sourceTree = "<group>"; };
		832D81711956CD30000600DA /* Quiz.m */ = {isa = PBXFileReference; fileEncoding = 4; lastKnownFileType = sourcecode.c.objc; path = Quiz.m; sourceTree = "<group>"; };
		832D81731956D6E6000600DA /* ResultsController.h */ = {isa = PBXFileReference; fileEncoding = 4; lastKnownFileType = sourcecode.c.h; path = ResultsController.h; sourceTree = "<group>"; };
		832D81741956D6E6000600DA /* ResultsController.m */ = {isa = PBXFileReference; fileEncoding = 4; lastKnownFileType = sourcecode.c.objc; path = ResultsController.m; sourceTree = "<group>"; };
		83523D181968C1E500D8B9E9 /* BaseViewController.h */ = {isa = PBXFileReference; fileEncoding = 4; lastKnownFileType = sourcecode.c.h; path = BaseViewController.h; sourceTree = "<group>"; };
		83523D191968C1E500D8B9E9 /* BaseViewController.m */ = {isa = PBXFileReference; fileEncoding = 4; lastKnownFileType = sourcecode.c.objc; path = BaseViewController.m; sourceTree = "<group>"; };
		8378483D18DDAF8E00C5AC61 /* flags.app */ = {isa = PBXFileReference; explicitFileType = wrapper.application; includeInIndex = 0; path = flags.app; sourceTree = BUILT_PRODUCTS_DIR; };
		8378484018DDAF8E00C5AC61 /* Foundation.framework */ = {isa = PBXFileReference; lastKnownFileType = wrapper.framework; name = Foundation.framework; path = System/Library/Frameworks/Foundation.framework; sourceTree = SDKROOT; };
		8378484218DDAF8E00C5AC61 /* CoreGraphics.framework */ = {isa = PBXFileReference; lastKnownFileType = wrapper.framework; name = CoreGraphics.framework; path = System/Library/Frameworks/CoreGraphics.framework; sourceTree = SDKROOT; };
		8378484418DDAF8E00C5AC61 /* UIKit.framework */ = {isa = PBXFileReference; lastKnownFileType = wrapper.framework; name = UIKit.framework; path = System/Library/Frameworks/UIKit.framework; sourceTree = SDKROOT; };
		8378484818DDAF8E00C5AC61 /* flags-Info.plist */ = {isa = PBXFileReference; lastKnownFileType = text.plist.xml; path = "flags-Info.plist"; sourceTree = "<group>"; };
		8378484A18DDAF8E00C5AC61 /* en */ = {isa = PBXFileReference; lastKnownFileType = text.plist.strings; name = en; path = en.lproj/InfoPlist.strings; sourceTree = "<group>"; };
		8378484C18DDAF8E00C5AC61 /* main.m */ = {isa = PBXFileReference; lastKnownFileType = sourcecode.c.objc; path = main.m; sourceTree = "<group>"; };
		8378484E18DDAF8E00C5AC61 /* flags-Prefix.pch */ = {isa = PBXFileReference; lastKnownFileType = sourcecode.c.h; path = "flags-Prefix.pch"; sourceTree = "<group>"; };
		8378484F18DDAF8E00C5AC61 /* AppDelegate.h */ = {isa = PBXFileReference; lastKnownFileType = sourcecode.c.h; path = AppDelegate.h; sourceTree = "<group>"; };
		8378485018DDAF8E00C5AC61 /* AppDelegate.m */ = {isa = PBXFileReference; lastKnownFileType = sourcecode.c.objc; path = AppDelegate.m; sourceTree = "<group>"; };
		8378485318DDAF8E00C5AC61 /* Base */ = {isa = PBXFileReference; lastKnownFileType = file.storyboard; name = Base; path = Base.lproj/Main.storyboard; sourceTree = "<group>"; };
		8378485518DDAF8E00C5AC61 /* MenuController.h */ = {isa = PBXFileReference; lastKnownFileType = sourcecode.c.h; path = MenuController.h; sourceTree = "<group>"; };
		8378485618DDAF8E00C5AC61 /* MenuController.m */ = {isa = PBXFileReference; lastKnownFileType = sourcecode.c.objc; path = MenuController.m; sourceTree = "<group>"; };
		8378485818DDAF8E00C5AC61 /* Images.xcassets */ = {isa = PBXFileReference; lastKnownFileType = folder.assetcatalog; name = Images.xcassets; path = flags/Images.xcassets; sourceTree = "<group>"; };
		8378485F18DDAF8E00C5AC61 /* XCTest.framework */ = {isa = PBXFileReference; lastKnownFileType = wrapper.framework; name = XCTest.framework; path = Library/Frameworks/XCTest.framework; sourceTree = DEVELOPER_DIR; };
		8378487A18DDB69B00C5AC61 /* Quiz-Menu-Button.png */ = {isa = PBXFileReference; lastKnownFileType = image.png; path = "Quiz-Menu-Button.png"; sourceTree = "<group>"; };
		8378487C18DDB8DC00C5AC61 /* Puzzles-Menu-Button.png */ = {isa = PBXFileReference; lastKnownFileType = image.png; path = "Puzzles-Menu-Button.png"; sourceTree = "<group>"; };
		8378488118DDBCD500C5AC61 /* BPreplay-Bold.ttf */ = {isa = PBXFileReference; lastKnownFileType = file; path = "BPreplay-Bold.ttf"; sourceTree = "<group>"; };
		8378488218DDBCD500C5AC61 /* BPreplay-BoldItalic.ttf */ = {isa = PBXFileReference; lastKnownFileType = file; path = "BPreplay-BoldItalic.ttf"; sourceTree = "<group>"; };
		8378488318DDBCD500C5AC61 /* BPreplay-Italic.ttf */ = {isa = PBXFileReference; lastKnownFileType = file; path = "BPreplay-Italic.ttf"; sourceTree = "<group>"; };
		8378488418DDBCD500C5AC61 /* BPreplay.ttf */ = {isa = PBXFileReference; lastKnownFileType = file; path = BPreplay.ttf; sourceTree = "<group>"; };
		8378488B18DDCEB600C5AC61 /* Puzzles-Easy-Button.png */ = {isa = PBXFileReference; lastKnownFileType = image.png; path = "Puzzles-Easy-Button.png"; sourceTree = "<group>"; };
		8378488D18DDCF5900C5AC61 /* Puzzles-Hard-Button.png */ = {isa = PBXFileReference; lastKnownFileType = image.png; path = "Puzzles-Hard-Button.png"; sourceTree = "<group>"; };
		837ADE7918E2E32B00455FF7 /* TableController.h */ = {isa = PBXFileReference; fileEncoding = 4; lastKnownFileType = sourcecode.c.h; path = TableController.h; sourceTree = "<group>"; };
		837ADE7A18E2E32B00455FF7 /* TableController.m */ = {isa = PBXFileReference; fileEncoding = 4; lastKnownFileType = sourcecode.c.objc; path = TableController.m; sourceTree = "<group>"; };
		83D09E061971212D0088965E /* Done-Button-Hard-Disabled.png */ = {isa = PBXFileReference; lastKnownFileType = image.png; path = "Done-Button-Hard-Disabled.png"; sourceTree = "<group>"; };
		83D09E071971212D0088965E /* Done-Button-Hard-Enabled.png */ = {isa = PBXFileReference; lastKnownFileType = image.png; path = "Done-Button-Hard-Enabled.png"; sourceTree = "<group>"; };
		83D4A01619680E8F00C0D694 /* Done-Button-Easy-Disabled.png */ = {isa = PBXFileReference; lastKnownFileType = image.png; path = "Done-Button-Easy-Disabled.png"; sourceTree = "<group>"; };
		83D4A01719680E8F00C0D694 /* Done-Button-Easy-Enabled.png */ = {isa = PBXFileReference; lastKnownFileType = image.png; path = "Done-Button-Easy-Enabled.png"; sourceTree = "<group>"; };
		83D4A01B1968143C00C0D694 /* Pacifico.ttf */ = {isa = PBXFileReference; lastKnownFileType = file; path = Pacifico.ttf; sourceTree = "<group>"; };
		83D4A01C1968163600C0D694 /* Easy-results-rosette.png */ = {isa = PBXFileReference; lastKnownFileType = image.png; path = "Easy-results-rosette.png"; sourceTree = "<group>"; };
		83D4A01D1968163600C0D694 /* Hard-results-rosette.png */ = {isa = PBXFileReference; lastKnownFileType = image.png; path = "Hard-results-rosette.png"; sourceTree = "<group>"; };
		83D4A0201968187B00C0D694 /* Easy-Play-Again.png */ = {isa = PBXFileReference; lastKnownFileType = image.png; path = "Easy-Play-Again.png"; sourceTree = "<group>"; };
		83D4A0211968187B00C0D694 /* Easy-Switch-to-Hard.png */ = {isa = PBXFileReference; lastKnownFileType = image.png; path = "Easy-Switch-to-Hard.png"; sourceTree = "<group>"; };
		83D4A0221968187B00C0D694 /* Hard-Play-Again.png */ = {isa = PBXFileReference; lastKnownFileType = image.png; path = "Hard-Play-Again.png"; sourceTree = "<group>"; };
		83D4A0231968187B00C0D694 /* Hard-Switch-to-Easy.png */ = {isa = PBXFileReference; lastKnownFileType = image.png; path = "Hard-Switch-to-Easy.png"; sourceTree = "<group>"; };
		83D4A028196819EE00C0D694 /* Puzzles-Bar-Icon.png */ = {isa = PBXFileReference; lastKnownFileType = image.png; path = "Puzzles-Bar-Icon.png"; sourceTree = "<group>"; };
		83D4A029196819EE00C0D694 /* Quiz-Bar-Icon.png */ = {isa = PBXFileReference; lastKnownFileType = image.png; path = "Quiz-Bar-Icon.png"; sourceTree = "<group>"; };
		83D4A02D196838A100C0D694 /* Menu-Button.png */ = {isa = PBXFileReference; lastKnownFileType = image.png; path = "Menu-Button.png"; sourceTree = "<group>"; };
		83D4A03019683D0000C0D694 /* DifficultyScaler.h */ = {isa = PBXFileReference; fileEncoding = 4; lastKnownFileType = sourcecode.c.h; path = DifficultyScaler.h; sourceTree = "<group>"; };
		83D4A03119683D0000C0D694 /* DifficultyScaler.m */ = {isa = PBXFileReference; fileEncoding = 4; lastKnownFileType = sourcecode.c.objc; path = DifficultyScaler.m; sourceTree = "<group>"; };
		83D971371960379600350AF0 /* Puzzles */ = {isa = PBXFileReference; lastKnownFileType = folder; path = Puzzles; sourceTree = "<group>"; };
		83D971391960598200350AF0 /* Flag.h */ = {isa = PBXFileReference; fileEncoding = 4; lastKnownFileType = sourcecode.c.h; path = Flag.h; sourceTree = "<group>"; };
		83D9713A1960598200350AF0 /* Flag.m */ = {isa = PBXFileReference; fileEncoding = 4; lastKnownFileType = sourcecode.c.objc; path = Flag.m; sourceTree = "<group>"; };
		F94D93461930A4FC008CDB1A /* PuzzleController.h */ = {isa = PBXFileReference; fileEncoding = 4; lastKnownFileType = sourcecode.c.h; path = PuzzleController.h; sourceTree = "<group>"; };
		F94D93471930A4FC008CDB1A /* PuzzleController.m */ = {isa = PBXFileReference; fileEncoding = 4; lastKnownFileType = sourcecode.c.objc; path = PuzzleController.m; sourceTree = "<group>"; };
		F94D93491930AEC2008CDB1A /* LayeredView.h */ = {isa = PBXFileReference; fileEncoding = 4; lastKnownFileType = sourcecode.c.h; path = LayeredView.h; sourceTree = "<group>"; };
		F94D934A1930AEC2008CDB1A /* LayeredView.m */ = {isa = PBXFileReference; fileEncoding = 4; lastKnownFileType = sourcecode.c.objc; path = LayeredView.m; sourceTree = "<group>"; };
		F94D93621930EA33008CDB1A /* Utils.h */ = {isa = PBXFileReference; fileEncoding = 4; lastKnownFileType = sourcecode.c.h; path = Utils.h; sourceTree = "<group>"; };
		F94D93631930EA33008CDB1A /* Utils.m */ = {isa = PBXFileReference; fileEncoding = 4; lastKnownFileType = sourcecode.c.objc; path = Utils.m; sourceTree = "<group>"; };
/* End PBXFileReference section */

/* Begin PBXFrameworksBuildPhase section */
		8378483A18DDAF8E00C5AC61 /* Frameworks */ = {
			isa = PBXFrameworksBuildPhase;
			buildActionMask = 2147483647;
			files = (
				8378484318DDAF8E00C5AC61 /* CoreGraphics.framework in Frameworks */,
				8378484518DDAF8E00C5AC61 /* UIKit.framework in Frameworks */,
				8378484118DDAF8E00C5AC61 /* Foundation.framework in Frameworks */,
			);
			runOnlyForDeploymentPostprocessing = 0;
		};
/* End PBXFrameworksBuildPhase section */

/* Begin PBXGroup section */
		832D816F1956CD1F000600DA /* Models */ = {
			isa = PBXGroup;
			children = (
				832D81701956CD30000600DA /* Quiz.h */,
				832D81711956CD30000600DA /* Quiz.m */,
				83D971391960598200350AF0 /* Flag.h */,
				83D9713A1960598200350AF0 /* Flag.m */,
			);
			name = Models;
			sourceTree = "<group>";
		};
		8378483418DDAF8E00C5AC61 = {
			isa = PBXGroup;
			children = (
				8378484618DDAF8E00C5AC61 /* flags */,
				8378485818DDAF8E00C5AC61 /* Images.xcassets */,
				8378483F18DDAF8E00C5AC61 /* Frameworks */,
				8378483E18DDAF8E00C5AC61 /* Products */,
			);
			sourceTree = "<group>";
		};
		8378483E18DDAF8E00C5AC61 /* Products */ = {
			isa = PBXGroup;
			children = (
				8378483D18DDAF8E00C5AC61 /* flags.app */,
			);
			name = Products;
			sourceTree = "<group>";
		};
		8378483F18DDAF8E00C5AC61 /* Frameworks */ = {
			isa = PBXGroup;
			children = (
				8378484018DDAF8E00C5AC61 /* Foundation.framework */,
				8378484218DDAF8E00C5AC61 /* CoreGraphics.framework */,
				8378484418DDAF8E00C5AC61 /* UIKit.framework */,
				8378485F18DDAF8E00C5AC61 /* XCTest.framework */,
			);
			name = Frameworks;
			sourceTree = "<group>";
		};
		8378484618DDAF8E00C5AC61 /* flags */ = {
			isa = PBXGroup;
			children = (
				8378484F18DDAF8E00C5AC61 /* AppDelegate.h */,
				8378485018DDAF8E00C5AC61 /* AppDelegate.m */,
				8378485218DDAF8E00C5AC61 /* Main.storyboard */,
				83D4A02F19683CE600C0D694 /* Services */,
				832D816F1956CD1F000600DA /* Models */,
				83EF84A518DDF57E00486186 /* Views */,
				83D9548618DDEF3B00783A27 /* Controllers */,
				F94D93611930EA14008CDB1A /* Utils */,
				8378487518DDB1B100C5AC61 /* Assets */,
				8378484718DDAF8E00C5AC61 /* Supporting Files */,
			);
			path = flags;
			sourceTree = "<group>";
		};
		8378484718DDAF8E00C5AC61 /* Supporting Files */ = {
			isa = PBXGroup;
			children = (
				8378484818DDAF8E00C5AC61 /* flags-Info.plist */,
				8378484918DDAF8E00C5AC61 /* InfoPlist.strings */,
				8378484C18DDAF8E00C5AC61 /* main.m */,
				8378484E18DDAF8E00C5AC61 /* flags-Prefix.pch */,
			);
			name = "Supporting Files";
			sourceTree = "<group>";
		};
		8378487518DDB1B100C5AC61 /* Assets */ = {
			isa = PBXGroup;
			children = (
				83D971371960379600350AF0 /* Puzzles */,
				8378487F18DDBCCE00C5AC61 /* Fonts */,
				8378487E18DDBCC500C5AC61 /* Images */,
			);
			name = Assets;
			sourceTree = "<group>";
		};
		8378487E18DDBCC500C5AC61 /* Images */ = {
			isa = PBXGroup;
			children = (
				83D4A02D196838A100C0D694 /* Menu-Button.png */,
				83D4A028196819EE00C0D694 /* Puzzles-Bar-Icon.png */,
				83D4A029196819EE00C0D694 /* Quiz-Bar-Icon.png */,
				83D4A0201968187B00C0D694 /* Easy-Play-Again.png */,
				83D4A0211968187B00C0D694 /* Easy-Switch-to-Hard.png */,
				83D4A0221968187B00C0D694 /* Hard-Play-Again.png */,
				83D4A0231968187B00C0D694 /* Hard-Switch-to-Easy.png */,
				83D4A01C1968163600C0D694 /* Easy-results-rosette.png */,
				83D4A01D1968163600C0D694 /* Hard-results-rosette.png */,
				83D4A01619680E8F00C0D694 /* Done-Button-Easy-Disabled.png */,
				83D4A01719680E8F00C0D694 /* Done-Button-Easy-Enabled.png */,
				83D09E061971212D0088965E /* Done-Button-Hard-Disabled.png */,
				83D09E071971212D0088965E /* Done-Button-Hard-Enabled.png */,
				8321C71018DDDEF100970E8F /* Play-Colours-Puzzle-Button.png */,
				8321C71118DDDEF100970E8F /* Play-Colours+Shapes-Puzzle-Button.png */,
				8321C70C18DDDEE400970E8F /* Puzzles-Easy-Explain.png */,
				8321C70D18DDDEE400970E8F /* Puzzles-Hard-Explain.png */,
				8321C70A18DDDD7A00970E8F /* Quiz-View-Button.png */,
				8321C70618DDDD7300970E8F /* Quiz-Easy-Button.png */,
				8321C70718DDDD7300970E8F /* Quiz-Hard-Button.png */,
				8378488D18DDCF5900C5AC61 /* Puzzles-Hard-Button.png */,
				8378488B18DDCEB600C5AC61 /* Puzzles-Easy-Button.png */,
				8378487C18DDB8DC00C5AC61 /* Puzzles-Menu-Button.png */,
				8378487A18DDB69B00C5AC61 /* Quiz-Menu-Button.png */,
			);
			name = Images;
			sourceTree = "<group>";
		};
		8378487F18DDBCCE00C5AC61 /* Fonts */ = {
			isa = PBXGroup;
			children = (
				83D4A01A1968142E00C0D694 /* Pacifico */,
				8378488018DDBCD500C5AC61 /* BPreplay */,
			);
			name = Fonts;
			sourceTree = "<group>";
		};
		8378488018DDBCD500C5AC61 /* BPreplay */ = {
			isa = PBXGroup;
			children = (
				8378488118DDBCD500C5AC61 /* BPreplay-Bold.ttf */,
				8378488218DDBCD500C5AC61 /* BPreplay-BoldItalic.ttf */,
				8378488318DDBCD500C5AC61 /* BPreplay-Italic.ttf */,
				8378488418DDBCD500C5AC61 /* BPreplay.ttf */,
			);
			path = BPreplay;
			sourceTree = "<group>";
		};
		83D4A01A1968142E00C0D694 /* Pacifico */ = {
			isa = PBXGroup;
			children = (
				83D4A01B1968143C00C0D694 /* Pacifico.ttf */,
			);
			name = Pacifico;
			sourceTree = "<group>";
		};
		83D4A02F19683CE600C0D694 /* Services */ = {
			isa = PBXGroup;
			children = (
				83D4A03019683D0000C0D694 /* DifficultyScaler.h */,
				83D4A03119683D0000C0D694 /* DifficultyScaler.m */,
			);
			name = Services;
			sourceTree = "<group>";
		};
		83D9548618DDEF3B00783A27 /* Controllers */ = {
			isa = PBXGroup;
			children = (
				837ADE7918E2E32B00455FF7 /* TableController.h */,
				837ADE7A18E2E32B00455FF7 /* TableController.m */,
				8378485518DDAF8E00C5AC61 /* MenuController.h */,
				8378485618DDAF8E00C5AC61 /* MenuController.m */,
				F94D93461930A4FC008CDB1A /* PuzzleController.h */,
				F94D93471930A4FC008CDB1A /* PuzzleController.m */,
				832D81731956D6E6000600DA /* ResultsController.h */,
				832D81741956D6E6000600DA /* ResultsController.m */,
				83523D181968C1E500D8B9E9 /* BaseViewController.h */,
				83523D191968C1E500D8B9E9 /* BaseViewController.m */,
			);
			name = Controllers;
			sourceTree = "<group>";
		};
		83EF84A518DDF57E00486186 /* Views */ = {
			isa = PBXGroup;
			children = (
				F94D93491930AEC2008CDB1A /* LayeredView.h */,
				F94D934A1930AEC2008CDB1A /* LayeredView.m */,
				830C17BA19714D8E0085ED23 /* PatternView.h */,
				830C17BB19714D8E0085ED23 /* PatternView.m */,
				83199A911943487D00C70AAF /* LayerView.h */,
				83199A921943487D00C70AAF /* LayerView.m */,
				83198FC61955EA4400F3665E /* PaintPotView.h */,
				83198FC71955EA4400F3665E /* PaintPotView.m */,
				831414BD1972E5A1009D8FCC /* TableCell.h */,
				831414BE1972E5A1009D8FCC /* TableCell.m */,
			);
			name = Views;
			sourceTree = "<group>";
		};
		F94D93611930EA14008CDB1A /* Utils */ = {
			isa = PBXGroup;
			children = (
				F94D93621930EA33008CDB1A /* Utils.h */,
				F94D93631930EA33008CDB1A /* Utils.m */,
			);
			name = Utils;
			sourceTree = "<group>";
		};
/* End PBXGroup section */

/* Begin PBXNativeTarget section */
		8378483C18DDAF8E00C5AC61 /* flags */ = {
			isa = PBXNativeTarget;
			buildConfigurationList = 8378486F18DDAF8E00C5AC61 /* Build configuration list for PBXNativeTarget "flags" */;
			buildPhases = (
				8378483918DDAF8E00C5AC61 /* Sources */,
				8378483A18DDAF8E00C5AC61 /* Frameworks */,
				8378483B18DDAF8E00C5AC61 /* Resources */,
			);
			buildRules = (
			);
			dependencies = (
			);
			name = flags;
			productName = flags;
			productReference = 8378483D18DDAF8E00C5AC61 /* flags.app */;
			productType = "com.apple.product-type.application";
		};
/* End PBXNativeTarget section */

/* Begin PBXProject section */
		8378483518DDAF8E00C5AC61 /* Project object */ = {
			isa = PBXProject;
			attributes = {
				LastUpgradeCheck = 0500;
				ORGANIZATIONNAME = chris;
				TargetAttributes = {
					8378483C18DDAF8E00C5AC61 = {
						DevelopmentTeam = E68QAAURD5;
					};
				};
			};
			buildConfigurationList = 8378483818DDAF8E00C5AC61 /* Build configuration list for PBXProject "flags" */;
			compatibilityVersion = "Xcode 3.2";
			developmentRegion = English;
			hasScannedForEncodings = 0;
			knownRegions = (
				en,
				Base,
			);
			mainGroup = 8378483418DDAF8E00C5AC61;
			productRefGroup = 8378483E18DDAF8E00C5AC61 /* Products */;
			projectDirPath = "";
			projectRoot = "";
			targets = (
				8378483C18DDAF8E00C5AC61 /* flags */,
			);
		};
/* End PBXProject section */

/* Begin PBXResourcesBuildPhase section */
		8378483B18DDAF8E00C5AC61 /* Resources */ = {
			isa = PBXResourcesBuildPhase;
			buildActionMask = 2147483647;
			files = (
				83D4A0241968187B00C0D694 /* Easy-Play-Again.png in Resources */,
				8378485918DDAF8E00C5AC61 /* Images.xcassets in Resources */,
				8378488818DDBCD500C5AC61 /* BPreplay-Italic.ttf in Resources */,
				83D4A01919680E8F00C0D694 /* Done-Button-Easy-Enabled.png in Resources */,
				8321C71218DDDEF100970E8F /* Play-Colours-Puzzle-Button.png in Resources */,
				8378484B18DDAF8E00C5AC61 /* InfoPlist.strings in Resources */,
				83D4A0251968187B00C0D694 /* Easy-Switch-to-Hard.png in Resources */,
				83D4A0261968187B00C0D694 /* Hard-Play-Again.png in Resources */,
				8321C71318DDDEF100970E8F /* Play-Colours+Shapes-Puzzle-Button.png in Resources */,
				83D4A02E196838A100C0D694 /* Menu-Button.png in Resources */,
				8378487D18DDB8DC00C5AC61 /* Puzzles-Menu-Button.png in Resources */,
				8321C70E18DDDEE400970E8F /* Puzzles-Easy-Explain.png in Resources */,
				8378485418DDAF8E00C5AC61 /* Main.storyboard in Resources */,
				83D971381960379600350AF0 /* Puzzles in Resources */,
				8378488918DDBCD500C5AC61 /* BPreplay.ttf in Resources */,
				83D4A01F1968163600C0D694 /* Hard-results-rosette.png in Resources */,
				83D09E081971212D0088965E /* Done-Button-Hard-Disabled.png in Resources */,
				83D4A02B196819EE00C0D694 /* Quiz-Bar-Icon.png in Resources */,
				8378488618DDBCD500C5AC61 /* BPreplay-Bold.ttf in Resources */,
				8321C70B18DDDD7A00970E8F /* Quiz-View-Button.png in Resources */,
				8378488E18DDCF5900C5AC61 /* Puzzles-Hard-Button.png in Resources */,
				8378488718DDBCD500C5AC61 /* BPreplay-BoldItalic.ttf in Resources */,
				83D4A01E1968163600C0D694 /* Easy-results-rosette.png in Resources */,
				8321C70818DDDD7300970E8F /* Quiz-Easy-Button.png in Resources */,
				8321C70918DDDD7300970E8F /* Quiz-Hard-Button.png in Resources */,
				8321C70F18DDDEE400970E8F /* Puzzles-Hard-Explain.png in Resources */,
				8378487B18DDB69B00C5AC61 /* Quiz-Menu-Button.png in Resources */,
				83D4A02A196819EE00C0D694 /* Puzzles-Bar-Icon.png in Resources */,
				83D4A02C1968304500C0D694 /* Pacifico.ttf in Resources */,
				8378488C18DDCEB600C5AC61 /* Puzzles-Easy-Button.png in Resources */,
				83D4A01819680E8F00C0D694 /* Done-Button-Easy-Disabled.png in Resources */,
				83D4A0271968187B00C0D694 /* Hard-Switch-to-Easy.png in Resources */,
				83D09E091971212D0088965E /* Done-Button-Hard-Enabled.png in Resources */,
			);
			runOnlyForDeploymentPostprocessing = 0;
		};
/* End PBXResourcesBuildPhase section */

/* Begin PBXSourcesBuildPhase section */
		8378483918DDAF8E00C5AC61 /* Sources */ = {
			isa = PBXSourcesBuildPhase;
			buildActionMask = 2147483647;
			files = (
				830C17BC19714D8E0085ED23 /* PatternView.m in Sources */,
				83D9713B1960598200350AF0 /* Flag.m in Sources */,
				83198FC81955EA4400F3665E /* PaintPotView.m in Sources */,
				837ADE7B18E2E32B00455FF7 /* TableController.m in Sources */,
				8378485718DDAF8E00C5AC61 /* MenuController.m in Sources */,
				F94D93481930A4FC008CDB1A /* PuzzleController.m in Sources */,
				83523D1A1968C1E500D8B9E9 /* BaseViewController.m in Sources */,
				F94D934B1930AEC2008CDB1A /* LayeredView.m in Sources */,
				832D81721956CD30000600DA /* Quiz.m in Sources */,
				8378485118DDAF8E00C5AC61 /* AppDelegate.m in Sources */,
				F94D93641930EA33008CDB1A /* Utils.m in Sources */,
				832D81751956D6E6000600DA /* ResultsController.m in Sources */,
				83199A931943487D00C70AAF /* LayerView.m in Sources */,
				83D4A03219683D0000C0D694 /* DifficultyScaler.m in Sources */,
				831414BF1972E5A1009D8FCC /* TableCell.m in Sources */,
				8378484D18DDAF8E00C5AC61 /* main.m in Sources */,
			);
			runOnlyForDeploymentPostprocessing = 0;
		};
/* End PBXSourcesBuildPhase section */

/* Begin PBXVariantGroup section */
		8378484918DDAF8E00C5AC61 /* InfoPlist.strings */ = {
			isa = PBXVariantGroup;
			children = (
				8378484A18DDAF8E00C5AC61 /* en */,
			);
			name = InfoPlist.strings;
			sourceTree = "<group>";
		};
		8378485218DDAF8E00C5AC61 /* Main.storyboard */ = {
			isa = PBXVariantGroup;
			children = (
				8378485318DDAF8E00C5AC61 /* Base */,
			);
			name = Main.storyboard;
			sourceTree = "<group>";
		};
/* End PBXVariantGroup section */

/* Begin XCBuildConfiguration section */
		8378486D18DDAF8E00C5AC61 /* Debug */ = {
			isa = XCBuildConfiguration;
			buildSettings = {
				ALWAYS_SEARCH_USER_PATHS = NO;
				ARCHS = "$(ARCHS_STANDARD_INCLUDING_64_BIT)";
				CLANG_CXX_LANGUAGE_STANDARD = "gnu++0x";
				CLANG_CXX_LIBRARY = "libc++";
				CLANG_ENABLE_MODULES = YES;
				CLANG_ENABLE_OBJC_ARC = YES;
				CLANG_WARN_BOOL_CONVERSION = YES;
				CLANG_WARN_CONSTANT_CONVERSION = YES;
				CLANG_WARN_DIRECT_OBJC_ISA_USAGE = YES_ERROR;
				CLANG_WARN_EMPTY_BODY = YES;
				CLANG_WARN_ENUM_CONVERSION = YES;
				CLANG_WARN_INT_CONVERSION = YES;
				CLANG_WARN_OBJC_ROOT_CLASS = YES_ERROR;
				CLANG_WARN__DUPLICATE_METHOD_MATCH = YES;
				"CODE_SIGN_IDENTITY[sdk=iphoneos*]" = "iPhone Developer";
				COPY_PHASE_STRIP = NO;
				GCC_C_LANGUAGE_STANDARD = gnu99;
				GCC_DYNAMIC_NO_PIC = NO;
				GCC_OPTIMIZATION_LEVEL = 0;
				GCC_PREPROCESSOR_DEFINITIONS = (
					"DEBUG=1",
					"$(inherited)",
				);
				GCC_SYMBOLS_PRIVATE_EXTERN = NO;
				GCC_WARN_64_TO_32_BIT_CONVERSION = YES;
				GCC_WARN_ABOUT_RETURN_TYPE = YES_ERROR;
				GCC_WARN_UNDECLARED_SELECTOR = YES;
				GCC_WARN_UNINITIALIZED_AUTOS = YES;
				GCC_WARN_UNUSED_FUNCTION = YES;
				GCC_WARN_UNUSED_VARIABLE = YES;
				IPHONEOS_DEPLOYMENT_TARGET = 7.0;
				ONLY_ACTIVE_ARCH = YES;
				SDKROOT = iphoneos;
			};
			name = Debug;
		};
		8378486E18DDAF8E00C5AC61 /* Release */ = {
			isa = XCBuildConfiguration;
			buildSettings = {
				ALWAYS_SEARCH_USER_PATHS = NO;
				ARCHS = "$(ARCHS_STANDARD_INCLUDING_64_BIT)";
				CLANG_CXX_LANGUAGE_STANDARD = "gnu++0x";
				CLANG_CXX_LIBRARY = "libc++";
				CLANG_ENABLE_MODULES = YES;
				CLANG_ENABLE_OBJC_ARC = YES;
				CLANG_WARN_BOOL_CONVERSION = YES;
				CLANG_WARN_CONSTANT_CONVERSION = YES;
				CLANG_WARN_DIRECT_OBJC_ISA_USAGE = YES_ERROR;
				CLANG_WARN_EMPTY_BODY = YES;
				CLANG_WARN_ENUM_CONVERSION = YES;
				CLANG_WARN_INT_CONVERSION = YES;
				CLANG_WARN_OBJC_ROOT_CLASS = YES_ERROR;
				CLANG_WARN__DUPLICATE_METHOD_MATCH = YES;
				"CODE_SIGN_IDENTITY[sdk=iphoneos*]" = "iPhone Developer";
				COPY_PHASE_STRIP = YES;
				ENABLE_NS_ASSERTIONS = NO;
				GCC_C_LANGUAGE_STANDARD = gnu99;
				GCC_WARN_64_TO_32_BIT_CONVERSION = YES;
				GCC_WARN_ABOUT_RETURN_TYPE = YES_ERROR;
				GCC_WARN_UNDECLARED_SELECTOR = YES;
				GCC_WARN_UNINITIALIZED_AUTOS = YES;
				GCC_WARN_UNUSED_FUNCTION = YES;
				GCC_WARN_UNUSED_VARIABLE = YES;
				IPHONEOS_DEPLOYMENT_TARGET = 7.0;
				SDKROOT = iphoneos;
				VALIDATE_PRODUCT = YES;
			};
			name = Release;
		};
		8378487018DDAF8E00C5AC61 /* Debug */ = {
			isa = XCBuildConfiguration;
			buildSettings = {
				ASSETCATALOG_COMPILER_APPICON_NAME = AppIcon;
				ASSETCATALOG_COMPILER_LAUNCHIMAGE_NAME = LaunchImage;
				CODE_SIGN_IDENTITY = "iPhone Developer";
				"CODE_SIGN_IDENTITY[sdk=iphoneos*]" = "iPhone Developer";
				GCC_PRECOMPILE_PREFIX_HEADER = YES;
				GCC_PREFIX_HEADER = "flags/flags-Prefix.pch";
				INFOPLIST_FILE = "flags/flags-Info.plist";
				PRODUCT_NAME = "$(TARGET_NAME)";
				PROVISIONING_PROFILE = "";
				WRAPPER_EXTENSION = app;
			};
			name = Debug;
		};
		8378487118DDAF8E00C5AC61 /* Release */ = {
			isa = XCBuildConfiguration;
			buildSettings = {
				ASSETCATALOG_COMPILER_APPICON_NAME = AppIcon;
				ASSETCATALOG_COMPILER_LAUNCHIMAGE_NAME = LaunchImage;
				CODE_SIGN_IDENTITY = "iPhone Developer";
				"CODE_SIGN_IDENTITY[sdk=iphoneos*]" = "iPhone Developer";
				GCC_PRECOMPILE_PREFIX_HEADER = YES;
				GCC_PREFIX_HEADER = "flags/flags-Prefix.pch";
				INFOPLIST_FILE = "flags/flags-Info.plist";
				PRODUCT_NAME = "$(TARGET_NAME)";
				PROVISIONING_PROFILE = "";
				WRAPPER_EXTENSION = app;
			};
			name = Release;
		};
/* End XCBuildConfiguration section */

/* Begin XCConfigurationList section */
		8378483818DDAF8E00C5AC61 /* Build configuration list for PBXProject "flags" */ = {
			isa = XCConfigurationList;
			buildConfigurations = (
				8378486D18DDAF8E00C5AC61 /* Debug */,
				8378486E18DDAF8E00C5AC61 /* Release */,
			);
			defaultConfigurationIsVisible = 0;
			defaultConfigurationName = Release;
		};
		8378486F18DDAF8E00C5AC61 /* Build configuration list for PBXNativeTarget "flags" */ = {
			isa = XCConfigurationList;
			buildConfigurations = (
				8378487018DDAF8E00C5AC61 /* Debug */,
				8378487118DDAF8E00C5AC61 /* Release */,
			);
			defaultConfigurationIsVisible = 0;
			defaultConfigurationName = Release;
		};
/* End XCConfigurationList section */
	};
	rootObject = 8378483518DDAF8E00C5AC61 /* Project object */;
}
